
Microsoft Visual Studio Solution File, Format Version 12.00
# Visual Studio Version 17
VisualStudioVersion = 17.2.32519.379
MinimumVisualStudioVersion = 10.0.40219.1
Project("{9A19103F-16F7-4668-BE54-9A1E7A4F7556}") = "ReactMXHApi6", "ReactMXHApi6\ReactMXHApi6.csproj", "{6C329F50-E0B3-4458-8AAE-EC9EB9DDD346}"
EndProject
Project("{FAE04EC0-301F-11D3-BF4B-00C04F79EFBC}") = "AgoraIO", "AgoraIO\AgoraIO.csproj", "{3B571BBB-0DB9-4619-A2EB-EF2D393A8F75}"
EndProject
Global
	GlobalSection(SolutionConfigurationPlatforms) = preSolution
		Debug|Any CPU = Debug|Any CPU
		Release|Any CPU = Release|Any CPU
	EndGlobalSection
	GlobalSection(ProjectConfigurationPlatforms) = postSolution
		{6C329F50-E0B3-4458-8AAE-EC9EB9DDD346}.Debug|Any CPU.ActiveCfg = Debug|Any CPU
		{6C329F50-E0B3-4458-8AAE-EC9EB9DDD346}.Debug|Any CPU.Build.0 = Debug|Any CPU
		{6C329F50-E0B3-4458-8AAE-EC9EB9DDD346}.Release|Any CPU.ActiveCfg = Release|Any CPU
		{6C329F50-E0B3-4458-8AAE-EC9EB9DDD346}.Release|Any CPU.Build.0 = Release|Any CPU
		{3B571BBB-0DB9-4619-A2EB-EF2D393A8F75}.Debug|Any CPU.ActiveCfg = Debug|Any CPU
		{3B571BBB-0DB9-4619-A2EB-EF2D393A8F75}.Debug|Any CPU.Build.0 = Debug|Any CPU
		{3B571BBB-0DB9-4619-A2EB-EF2D393A8F75}.Release|Any CPU.ActiveCfg = Release|Any CPU
		{3B571BBB-0DB9-4619-A2EB-EF2D393A8F75}.Release|Any CPU.Build.0 = Release|Any CPU
	EndGlobalSection
	GlobalSection(SolutionProperties) = preSolution
		HideSolutionNode = FALSE
	EndGlobalSection
	GlobalSection(ExtensibilityGlobals) = postSolution
		SolutionGuid = {41DCE79E-A6E1-447E-A924-D70CBAA17B32}
	EndGlobalSection
EndGlobal
